
Microsoft Visual Studio Solution File, Format Version 12.00
# Visual Studio Version 17
VisualStudioVersion = 17.0.31903.59
MinimumVisualStudioVersion = 10.0.40219.1
Project("{FAE04EC0-301F-11D3-BF4B-00C04F79EFBC}") = "map_app", "map_app\map_app.csproj", "{202F707E-BBAC-4FBC-BD6C-41C2E6A8743C}"
EndProject
Project("{FAE04EC0-301F-11D3-BF4B-00C04F79EFBC}") = "map_app.Tests", "map_app.Tests\map_app.Tests.csproj", "{B25BCA71-AAEA-4DF5-93E3-4372F6A31F8D}"
EndProject
Global
	GlobalSection(SolutionConfigurationPlatforms) = preSolution
		Debug|Any CPU = Debug|Any CPU
		Release|Any CPU = Release|Any CPU
	EndGlobalSection
	GlobalSection(SolutionProperties) = preSolution
		HideSolutionNode = FALSE
	EndGlobalSection
	GlobalSection(ProjectConfigurationPlatforms) = postSolution
		{202F707E-BBAC-4FBC-BD6C-41C2E6A8743C}.Debug|Any CPU.ActiveCfg = Debug|Any CPU
		{202F707E-BBAC-4FBC-BD6C-41C2E6A8743C}.Debug|Any CPU.Build.0 = Debug|Any CPU
		{202F707E-BBAC-4FBC-BD6C-41C2E6A8743C}.Release|Any CPU.ActiveCfg = Release|Any CPU
		{202F707E-BBAC-4FBC-BD6C-41C2E6A8743C}.Release|Any CPU.Build.0 = Release|Any CPU
		{B25BCA71-AAEA-4DF5-93E3-4372F6A31F8D}.Debug|Any CPU.ActiveCfg = Debug|Any CPU
		{B25BCA71-AAEA-4DF5-93E3-4372F6A31F8D}.Debug|Any CPU.Build.0 = Debug|Any CPU
		{B25BCA71-AAEA-4DF5-93E3-4372F6A31F8D}.Release|Any CPU.ActiveCfg = Release|Any CPU
		{B25BCA71-AAEA-4DF5-93E3-4372F6A31F8D}.Release|Any CPU.Build.0 = Release|Any CPU
	EndGlobalSection
EndGlobal
